// !$*UTF8*$!
{
	archiveVersion = 1;
	classes = {
	};
	objectVersion = 56;
	objects = {

/* Begin PBXBuildFile section */
		9A415D95299261E9001A4583 /* AppDelegate.swift in Sources */ = {isa = PBXBuildFile; fileRef = 9A415D94299261E9001A4583 /* AppDelegate.swift */; };
		9A415D97299261E9001A4583 /* SceneDelegate.swift in Sources */ = {isa = PBXBuildFile; fileRef = 9A415D96299261E9001A4583 /* SceneDelegate.swift */; };
		9A415D9C299261E9001A4583 /* Main.storyboard in Resources */ = {isa = PBXBuildFile; fileRef = 9A415D9A299261E9001A4583 /* Main.storyboard */; };
		9A415D9E299261EE001A4583 /* Assets.xcassets in Resources */ = {isa = PBXBuildFile; fileRef = 9A415D9D299261EE001A4583 /* Assets.xcassets */; };
		9A415DA1299261EE001A4583 /* LaunchScreen.storyboard in Resources */ = {isa = PBXBuildFile; fileRef = 9A415D9F299261EE001A4583 /* LaunchScreen.storyboard */; };
		9A415DAC299261EF001A4583 /* ColorTests.swift in Sources */ = {isa = PBXBuildFile; fileRef = 9A415DAB299261EF001A4583 /* ColorTests.swift */; };
		9A415DB6299261EF001A4583 /* ColorUITests.swift in Sources */ = {isa = PBXBuildFile; fileRef = 9A415DB5299261EF001A4583 /* ColorUITests.swift */; };
		9A415DB8299261EF001A4583 /* ColorUITestsLaunchTests.swift in Sources */ = {isa = PBXBuildFile; fileRef = 9A415DB7299261EF001A4583 /* ColorUITestsLaunchTests.swift */; };
		9A415DC5299262F5001A4583 /* ColorTableVC.swift in Sources */ = {isa = PBXBuildFile; fileRef = 9A415DC4299262F5001A4583 /* ColorTableVC.swift */; };
		9A415DC72992656D001A4583 /* ColorDetailVC.swift in Sources */ = {isa = PBXBuildFile; fileRef = 9A415DC62992656D001A4583 /* ColorDetailVC.swift */; };
/* End PBXBuildFile section */

/* Begin PBXContainerItemProxy section */
		9A415DA8299261EF001A4583 /* PBXContainerItemProxy */ = {
			isa = PBXContainerItemProxy;
			containerPortal = 9A415D89299261E8001A4583 /* Project object */;
			proxyType = 1;
			remoteGlobalIDString = 9A415D90299261E8001A4583;
			remoteInfo = Color;
		};
		9A415DB2299261EF001A4583 /* PBXContainerItemProxy */ = {
			isa = PBXContainerItemProxy;
			containerPortal = 9A415D89299261E8001A4583 /* Project object */;
			proxyType = 1;
			remoteGlobalIDString = 9A415D90299261E8001A4583;
			remoteInfo = Color;
		};
/* End PBXContainerItemProxy section */

/* Begin PBXFileReference section */
		9A415D91299261E8001A4583 /* Color.app */ = {isa = PBXFileReference; explicitFileType = wrapper.application; includeInIndex = 0; path = Color.app; sourceTree = BUILT_PRODUCTS_DIR; };
		9A415D94299261E9001A4583 /* AppDelegate.swift */ = {isa = PBXFileReference; lastKnownFileType = sourcecode.swift; path = AppDelegate.swift; sourceTree = "<group>"; };
		9A415D96299261E9001A4583 /* SceneDelegate.swift */ = {isa = PBXFileReference; lastKnownFileType = sourcecode.swift; path = SceneDelegate.swift; sourceTree = "<group>"; };
		9A415D9B299261E9001A4583 /* Base */ = {isa = PBXFileReference; lastKnownFileType = file.storyboard; name = Base; path = Base.lproj/Main.storyboard; sourceTree = "<group>"; };
		9A415D9D299261EE001A4583 /* Assets.xcassets */ = {isa = PBXFileReference; lastKnownFileType = folder.assetcatalog; path = Assets.xcassets; sourceTree = "<group>"; };
		9A415DA0299261EE001A4583 /* Base */ = {isa = PBXFileReference; lastKnownFileType = file.storyboard; name = Base; path = Base.lproj/LaunchScreen.storyboard; sourceTree = "<group>"; };
		9A415DA2299261EE001A4583 /* Info.plist */ = {isa = PBXFileReference; lastKnownFileType = text.plist.xml; path = Info.plist; sourceTree = "<group>"; };
		9A415DA7299261EF001A4583 /* ColorTests.xctest */ = {isa = PBXFileReference; explicitFileType = wrapper.cfbundle; includeInIndex = 0; path = ColorTests.xctest; sourceTree = BUILT_PRODUCTS_DIR; };
		9A415DAB299261EF001A4583 /* ColorTests.swift */ = {isa = PBXFileReference; lastKnownFileType = sourcecode.swift; path = ColorTests.swift; sourceTree = "<group>"; };
		9A415DB1299261EF001A4583 /* ColorUITests.xctest */ = {isa = PBXFileReference; explicitFileType = wrapper.cfbundle; includeInIndex = 0; path = ColorUITests.xctest; sourceTree = BUILT_PRODUCTS_DIR; };
		9A415DB5299261EF001A4583 /* ColorUITests.swift */ = {isa = PBXFileReference; lastKnownFileType = sourcecode.swift; path = ColorUITests.swift; sourceTree = "<group>"; };
		9A415DB7299261EF001A4583 /* ColorUITestsLaunchTests.swift */ = {isa = PBXFileReference; lastKnownFileType = sourcecode.swift; path = ColorUITestsLaunchTests.swift; sourceTree = "<group>"; };
		9A415DC4299262F5001A4583 /* ColorTableVC.swift */ = {isa = PBXFileReference; lastKnownFileType = sourcecode.swift; path = ColorTableVC.swift; sourceTree = "<group>"; };
		9A415DC62992656D001A4583 /* ColorDetailVC.swift */ = {isa = PBXFileReference; lastKnownFileType = sourcecode.swift; path = ColorDetailVC.swift; sourceTree = "<group>"; };
/* End PBXFileReference section */

/* Begin PBXFrameworksBuildPhase section */
		9A415D8E299261E8001A4583 /* Frameworks */ = {
			isa = PBXFrameworksBuildPhase;
			buildActionMask = 2147483647;
			files = (
			);
			runOnlyForDeploymentPostprocessing = 0;
		};
		9A415DA4299261EF001A4583 /* Frameworks */ = {
			isa = PBXFrameworksBuildPhase;
			buildActionMask = 2147483647;
			files = (
			);
			runOnlyForDeploymentPostprocessing = 0;
		};
		9A415DAE299261EF001A4583 /* Frameworks */ = {
			isa = PBXFrameworksBuildPhase;
			buildActionMask = 2147483647;
			files = (
			);
			runOnlyForDeploymentPostprocessing = 0;
		};
/* End PBXFrameworksBuildPhase section */

/* Begin PBXGroup section */
		9A415D88299261E8001A4583 = {
			isa = PBXGroup;
			children = (
				9A415D93299261E8001A4583 /* Color */,
				9A415DAA299261EF001A4583 /* ColorTests */,
				9A415DB4299261EF001A4583 /* ColorUITests */,
				9A415D92299261E8001A4583 /* Products */,
			);
			sourceTree = "<group>";
		};
		9A415D92299261E8001A4583 /* Products */ = {
			isa = PBXGroup;
			children = (
				9A415D91299261E8001A4583 /* Color.app */,
				9A415DA7299261EF001A4583 /* ColorTests.xctest */,
				9A415DB1299261EF001A4583 /* ColorUITests.xctest */,
			);
			name = Products;
			sourceTree = "<group>";
		};
		9A415D93299261E8001A4583 /* Color */ = {
			isa = PBXGroup;
			children = (
				9A415D94299261E9001A4583 /* AppDelegate.swift */,
				9A415D96299261E9001A4583 /* SceneDelegate.swift */,
				9A415DC4299262F5001A4583 /* ColorTableVC.swift */,
				9A415DC62992656D001A4583 /* ColorDetailVC.swift */,
				9A415D9A299261E9001A4583 /* Main.storyboard */,
				9A415D9D299261EE001A4583 /* Assets.xcassets */,
				9A415D9F299261EE001A4583 /* LaunchScreen.storyboard */,
				9A415DA2299261EE001A4583 /* Info.plist */,
			);
			path = Color;
			sourceTree = "<group>";
		};
		9A415DAA299261EF001A4583 /* ColorTests */ = {
			isa = PBXGroup;
			children = (
				9A415DAB299261EF001A4583 /* ColorTests.swift */,
			);
			path = ColorTests;
			sourceTree = "<group>";
		};
		9A415DB4299261EF001A4583 /* ColorUITests */ = {
			isa = PBXGroup;
			children = (
				9A415DB5299261EF001A4583 /* ColorUITests.swift */,
				9A415DB7299261EF001A4583 /* ColorUITestsLaunchTests.swift */,
			);
			path = ColorUITests;
			sourceTree = "<group>";
		};
/* End PBXGroup section */

/* Begin PBXNativeTarget section */
		9A415D90299261E8001A4583 /* Color */ = {
			isa = PBXNativeTarget;
			buildConfigurationList = 9A415DBB299261EF001A4583 /* Build configuration list for PBXNativeTarget "Color" */;
			buildPhases = (
				9A415D8D299261E8001A4583 /* Sources */,
				9A415D8E299261E8001A4583 /* Frameworks */,
				9A415D8F299261E8001A4583 /* Resources */,
			);
			buildRules = (
			);
			dependencies = (
			);
			name = Color;
			productName = Color;
			productReference = 9A415D91299261E8001A4583 /* Color.app */;
			productType = "com.apple.product-type.application";
		};
		9A415DA6299261EF001A4583 /* ColorTests */ = {
			isa = PBXNativeTarget;
			buildConfigurationList = 9A415DBE299261EF001A4583 /* Build configuration list for PBXNativeTarget "ColorTests" */;
			buildPhases = (
				9A415DA3299261EF001A4583 /* Sources */,
				9A415DA4299261EF001A4583 /* Frameworks */,
				9A415DA5299261EF001A4583 /* Resources */,
			);
			buildRules = (
			);
			dependencies = (
				9A415DA9299261EF001A4583 /* PBXTargetDependency */,
			);
			name = ColorTests;
			productName = ColorTests;
			productReference = 9A415DA7299261EF001A4583 /* ColorTests.xctest */;
			productType = "com.apple.product-type.bundle.unit-test";
		};
		9A415DB0299261EF001A4583 /* ColorUITests */ = {
			isa = PBXNativeTarget;
			buildConfigurationList = 9A415DC1299261EF001A4583 /* Build configuration list for PBXNativeTarget "ColorUITests" */;
			buildPhases = (
				9A415DAD299261EF001A4583 /* Sources */,
				9A415DAE299261EF001A4583 /* Frameworks */,
				9A415DAF299261EF001A4583 /* Resources */,
			);
			buildRules = (
			);
			dependencies = (
				9A415DB3299261EF001A4583 /* PBXTargetDependency */,
			);
			name = ColorUITests;
			productName = ColorUITests;
			productReference = 9A415DB1299261EF001A4583 /* ColorUITests.xctest */;
			productType = "com.apple.product-type.bundle.ui-testing";
		};
/* End PBXNativeTarget section */

/* Begin PBXProject section */
		9A415D89299261E8001A4583 /* Project object */ = {
			isa = PBXProject;
			attributes = {
				BuildIndependentTargetsInParallel = 1;
				LastSwiftUpdateCheck = 1420;
				LastUpgradeCheck = 1420;
				TargetAttributes = {
					9A415D90299261E8001A4583 = {
						CreatedOnToolsVersion = 14.2;
					};
					9A415DA6299261EF001A4583 = {
						CreatedOnToolsVersion = 14.2;
						TestTargetID = 9A415D90299261E8001A4583;
					};
					9A415DB0299261EF001A4583 = {
						CreatedOnToolsVersion = 14.2;
						TestTargetID = 9A415D90299261E8001A4583;
					};
				};
			};
			buildConfigurationList = 9A415D8C299261E8001A4583 /* Build configuration list for PBXProject "Color" */;
			compatibilityVersion = "Xcode 14.0";
			developmentRegion = en;
			hasScannedForEncodings = 0;
			knownRegions = (
				en,
				Base,
			);
			mainGroup = 9A415D88299261E8001A4583;
			productRefGroup = 9A415D92299261E8001A4583 /* Products */;
			projectDirPath = "";
			projectRoot = "";
			targets = (
				9A415D90299261E8001A4583 /* Color */,
				9A415DA6299261EF001A4583 /* ColorTests */,
				9A415DB0299261EF001A4583 /* ColorUITests */,
			);
		};
/* End PBXProject section */

/* Begin PBXResourcesBuildPhase section */
		9A415D8F299261E8001A4583 /* Resources */ = {
			isa = PBXResourcesBuildPhase;
			buildActionMask = 2147483647;
			files = (
				9A415DA1299261EE001A4583 /* LaunchScreen.storyboard in Resources */,
				9A415D9E299261EE001A4583 /* Assets.xcassets in Resources */,
				9A415D9C299261E9001A4583 /* Main.storyboard in Resources */,
			);
			runOnlyForDeploymentPostprocessing = 0;
		};
		9A415DA5299261EF001A4583 /* Resources */ = {
			isa = PBXResourcesBuildPhase;
			buildActionMask = 2147483647;
			files = (
			);
			runOnlyForDeploymentPostprocessing = 0;
		};
		9A415DAF299261EF001A4583 /* Resources */ = {
			isa = PBXResourcesBuildPhase;
			buildActionMask = 2147483647;
			files = (
			);
			runOnlyForDeploymentPostprocessing = 0;
		};
/* End PBXResourcesBuildPhase section */

/* Begin PBXSourcesBuildPhase section */
		9A415D8D299261E8001A4583 /* Sources */ = {
			isa = PBXSourcesBuildPhase;
			buildActionMask = 2147483647;
			files = (
				9A415DC5299262F5001A4583 /* ColorTableVC.swift in Sources */,
				9A415DC72992656D001A4583 /* ColorDetailVC.swift in Sources */,
				9A415D95299261E9001A4583 /* AppDelegate.swift in Sources */,
				9A415D97299261E9001A4583 /* SceneDelegate.swift in Sources */,
			);
			runOnlyForDeploymentPostprocessing = 0;
		};
		9A415DA3299261EF001A4583 /* Sources */ = {
			isa = PBXSourcesBuildPhase;
			buildActionMask = 2147483647;
			files = (
				9A415DAC299261EF001A4583 /* ColorTests.swift in Sources */,
			);
			runOnlyForDeploymentPostprocessing = 0;
		};
		9A415DAD299261EF001A4583 /* Sources */ = {
			isa = PBXSourcesBuildPhase;
			buildActionMask = 2147483647;
			files = (
				9A415DB8299261EF001A4583 /* ColorUITestsLaunchTests.swift in Sources */,
				9A415DB6299261EF001A4583 /* ColorUITests.swift in Sources */,
			);
			runOnlyForDeploymentPostprocessing = 0;
		};
/* End PBXSourcesBuildPhase section */

/* Begin PBXTargetDependency section */
		9A415DA9299261EF001A4583 /* PBXTargetDependency */ = {
			isa = PBXTargetDependency;
			target = 9A415D90299261E8001A4583 /* Color */;
			targetProxy = 9A415DA8299261EF001A4583 /* PBXContainerItemProxy */;
		};
		9A415DB3299261EF001A4583 /* PBXTargetDependency */ = {
			isa = PBXTargetDependency;
			target = 9A415D90299261E8001A4583 /* Color */;
			targetProxy = 9A415DB2299261EF001A4583 /* PBXContainerItemProxy */;
		};
/* End PBXTargetDependency section */

/* Begin PBXVariantGroup section */
		9A415D9A299261E9001A4583 /* Main.storyboard */ = {
			isa = PBXVariantGroup;
			children = (
				9A415D9B299261E9001A4583 /* Base */,
			);
			name = Main.storyboard;
			sourceTree = "<group>";
		};
		9A415D9F299261EE001A4583 /* LaunchScreen.storyboard */ = {
			isa = PBXVariantGroup;
			children = (
				9A415DA0299261EE001A4583 /* Base */,
			);
			name = LaunchScreen.storyboard;
			sourceTree = "<group>";
		};
/* End PBXVariantGroup section */

/* Begin XCBuildConfiguration section */
		9A415DB9299261EF001A4583 /* Debug */ = {
			isa = XCBuildConfiguration;
			buildSettings = {
				ALWAYS_SEARCH_USER_PATHS = NO;
				CLANG_ANALYZER_NONNULL = YES;
				CLANG_ANALYZER_NUMBER_OBJECT_CONVERSION = YES_AGGRESSIVE;
				CLANG_CXX_LANGUAGE_STANDARD = "gnu++20";
				CLANG_ENABLE_MODULES = YES;
				CLANG_ENABLE_OBJC_ARC = YES;
				CLANG_ENABLE_OBJC_WEAK = YES;
				CLANG_WARN_BLOCK_CAPTURE_AUTORELEASING = YES;
				CLANG_WARN_BOOL_CONVERSION = YES;
				CLANG_WARN_COMMA = YES;
				CLANG_WARN_CONSTANT_CONVERSION = YES;
				CLANG_WARN_DEPRECATED_OBJC_IMPLEMENTATIONS = YES;
				CLANG_WARN_DIRECT_OBJC_ISA_USAGE = YES_ERROR;
				CLANG_WARN_DOCUMENTATION_COMMENTS = YES;
				CLANG_WARN_EMPTY_BODY = YES;
				CLANG_WARN_ENUM_CONVERSION = YES;
				CLANG_WARN_INFINITE_RECURSION = YES;
				CLANG_WARN_INT_CONVERSION = YES;
				CLANG_WARN_NON_LITERAL_NULL_CONVERSION = YES;
				CLANG_WARN_OBJC_IMPLICIT_RETAIN_SELF = YES;
				CLANG_WARN_OBJC_LITERAL_CONVERSION = YES;
				CLANG_WARN_OBJC_ROOT_CLASS = YES_ERROR;
				CLANG_WARN_QUOTED_INCLUDE_IN_FRAMEWORK_HEADER = YES;
				CLANG_WARN_RANGE_LOOP_ANALYSIS = YES;
				CLANG_WARN_STRICT_PROTOTYPES = YES;
				CLANG_WARN_SUSPICIOUS_MOVE = YES;
				CLANG_WARN_UNGUARDED_AVAILABILITY = YES_AGGRESSIVE;
				CLANG_WARN_UNREACHABLE_CODE = YES;
				CLANG_WARN__DUPLICATE_METHOD_MATCH = YES;
				COPY_PHASE_STRIP = NO;
				DEBUG_INFORMATION_FORMAT = dwarf;
				ENABLE_STRICT_OBJC_MSGSEND = YES;
				ENABLE_TESTABILITY = YES;
				GCC_C_LANGUAGE_STANDARD = gnu11;
				GCC_DYNAMIC_NO_PIC = NO;
				GCC_NO_COMMON_BLOCKS = YES;
				GCC_OPTIMIZATION_LEVEL = 0;
				GCC_PREPROCESSOR_DEFINITIONS = (
					"DEBUG=1",
					"$(inherited)",
				);
				GCC_WARN_64_TO_32_BIT_CONVERSION = YES;
				GCC_WARN_ABOUT_RETURN_TYPE = YES_ERROR;
				GCC_WARN_UNDECLARED_SELECTOR = YES;
				GCC_WARN_UNINITIALIZED_AUTOS = YES_AGGRESSIVE;
				GCC_WARN_UNUSED_FUNCTION = YES;
				GCC_WARN_UNUSED_VARIABLE = YES;
				IPHONEOS_DEPLOYMENT_TARGET = 16.2;
				MTL_ENABLE_DEBUG_INFO = INCLUDE_SOURCE;
				MTL_FAST_MATH = YES;
				ONLY_ACTIVE_ARCH = YES;
				SDKROOT = iphoneos;
				SWIFT_ACTIVE_COMPILATION_CONDITIONS = DEBUG;
				SWIFT_OPTIMIZATION_LEVEL = "-Onone";
			};
			name = Debug;
		};
		9A415DBA299261EF001A4583 /* Release */ = {
			isa = XCBuildConfiguration;
			buildSettings = {
				ALWAYS_SEARCH_USER_PATHS = NO;
				CLANG_ANALYZER_NONNULL = YES;
				CLANG_ANALYZER_NUMBER_OBJECT_CONVERSION = YES_AGGRESSIVE;
				CLANG_CXX_LANGUAGE_STANDARD = "gnu++20";
				CLANG_ENABLE_MODULES = YES;
				CLANG_ENABLE_OBJC_ARC = YES;
				CLANG_ENABLE_OBJC_WEAK = YES;
				CLANG_WARN_BLOCK_CAPTURE_AUTORELEASING = YES;
				CLANG_WARN_BOOL_CONVERSION = YES;
				CLANG_WARN_COMMA = YES;
				CLANG_WARN_CONSTANT_CONVERSION = YES;
				CLANG_WARN_DEPRECATED_OBJC_IMPLEMENTATIONS = YES;
				CLANG_WARN_DIRECT_OBJC_ISA_USAGE = YES_ERROR;
				CLANG_WARN_DOCUMENTATION_COMMENTS = YES;
				CLANG_WARN_EMPTY_BODY = YES;
				CLANG_WARN_ENUM_CONVERSION = YES;
				CLANG_WARN_INFINITE_RECURSION = YES;
				CLANG_WARN_INT_CONVERSION = YES;
				CLANG_WARN_NON_LITERAL_NULL_CONVERSION = YES;
				CLANG_WARN_OBJC_IMPLICIT_RETAIN_SELF = YES;
				CLANG_WARN_OBJC_LITERAL_CONVERSION = YES;
				CLANG_WARN_OBJC_ROOT_CLASS = YES_ERROR;
				CLANG_WARN_QUOTED_INCLUDE_IN_FRAMEWORK_HEADER = YES;
				CLANG_WARN_RANGE_LOOP_ANALYSIS = YES;
				CLANG_WARN_STRICT_PROTOTYPES = YES;
				CLANG_WARN_SUSPICIOUS_MOVE = YES;
				CLANG_WARN_UNGUARDED_AVAILABILITY = YES_AGGRESSIVE;
				CLANG_WARN_UNREACHABLE_CODE = YES;
				CLANG_WARN__DUPLICATE_METHOD_MATCH = YES;
				COPY_PHASE_STRIP = NO;
				DEBUG_INFORMATION_FORMAT = "dwarf-with-dsym";
				ENABLE_NS_ASSERTIONS = NO;
				ENABLE_STRICT_OBJC_MSGSEND = YES;
				GCC_C_LANGUAGE_STANDARD = gnu11;
				GCC_NO_COMMON_BLOCKS = YES;
				GCC_WARN_64_TO_32_BIT_CONVERSION = YES;
				GCC_WARN_ABOUT_RETURN_TYPE = YES_ERROR;
				GCC_WARN_UNDECLARED_SELECTOR = YES;
				GCC_WARN_UNINITIALIZED_AUTOS = YES_AGGRESSIVE;
				GCC_WARN_UNUSED_FUNCTION = YES;
				GCC_WARN_UNUSED_VARIABLE = YES;
				IPHONEOS_DEPLOYMENT_TARGET = 16.2;
				MTL_ENABLE_DEBUG_INFO = NO;
				MTL_FAST_MATH = YES;
				SDKROOT = iphoneos;
				SWIFT_COMPILATION_MODE = wholemodule;
				SWIFT_OPTIMIZATION_LEVEL = "-O";
				VALIDATE_PRODUCT = YES;
			};
			name = Release;
		};
		9A415DBC299261EF001A4583 /* Debug */ = {
			isa = XCBuildConfiguration;
			buildSettings = {
				ASSETCATALOG_COMPILER_APPICON_NAME = AppIcon;
				ASSETCATALOG_COMPILER_GLOBAL_ACCENT_COLOR_NAME = AccentColor;
				CODE_SIGN_STYLE = Automatic;
				CURRENT_PROJECT_VERSION = 1;
				GENERATE_INFOPLIST_FILE = YES;
				INFOPLIST_FILE = Color/Info.plist;
				INFOPLIST_KEY_UIApplicationSupportsIndirectInputEvents = YES;
				INFOPLIST_KEY_UILaunchStoryboardName = LaunchScreen;
				INFOPLIST_KEY_UIMainStoryboardFile = Main;
				INFOPLIST_KEY_UISupportedInterfaceOrientations_iPad = "UIInterfaceOrientationPortrait UIInterfaceOrientationPortraitUpsideDown UIInterfaceOrientationLandscapeLeft UIInterfaceOrientationLandscapeRight";
				INFOPLIST_KEY_UISupportedInterfaceOrientations_iPhone = "UIInterfaceOrientationPortrait UIInterfaceOrientationLandscapeLeft UIInterfaceOrientationLandscapeRight";
				LD_RUNPATH_SEARCH_PATHS = (
					"$(inherited)",
					"@executable_path/Frameworks",
				);
				MARKETING_VERSION = 1.0;
				PRODUCT_BUNDLE_IDENTIFIER = "Docquity-Intern.Color";
				PRODUCT_NAME = "$(TARGET_NAME)";
				SWIFT_EMIT_LOC_STRINGS = YES;
				SWIFT_VERSION = 5.0;
				TARGETED_DEVICE_FAMILY = "1,2";
			};
			name = Debug;
		};
		9A415DBD299261EF001A4583 /* Release */ = {
			isa = XCBuildConfiguration;
			buildSettings = {
				ASSETCATALOG_COMPILER_APPICON_NAME = AppIcon;
				ASSETCATALOG_COMPILER_GLOBAL_ACCENT_COLOR_NAME = AccentColor;
				CODE_SIGN_STYLE = Automatic;
				CURRENT_PROJECT_VERSION = 1;
				GENERATE_INFOPLIST_FILE = YES;
				INFOPLIST_FILE = Color/Info.plist;
				INFOPLIST_KEY_UIApplicationSupportsIndirectInputEvents = YES;
				INFOPLIST_KEY_UILaunchStoryboardName = LaunchScreen;
				INFOPLIST_KEY_UIMainStoryboardFile = Main;
				INFOPLIST_KEY_UISupportedInterfaceOrientations_iPad = "UIInterfaceOrientationPortrait UIInterfaceOrientationPortraitUpsideDown UIInterfaceOrientationLandscapeLeft UIInterfaceOrientationLandscapeRight";
				INFOPLIST_KEY_UISupportedInterfaceOrientations_iPhone = "UIInterfaceOrientationPortrait UIInterfaceOrientationLandscapeLeft UIInterfaceOrientationLandscapeRight";
				LD_RUNPATH_SEARCH_PATHS = (
					"$(inherited)",
					"@executable_path/Frameworks",
				);
				MARKETING_VERSION = 1.0;
				PRODUCT_BUNDLE_IDENTIFIER = "Docquity-Intern.Color";
				PRODUCT_NAME = "$(TARGET_NAME)";
				SWIFT_EMIT_LOC_STRINGS = YES;
				SWIFT_VERSION = 5.0;
				TARGETED_DEVICE_FAMILY = "1,2";
			};
			name = Release;
		};
		9A415DBF299261EF001A4583 /* Debug */ = {
			isa = XCBuildConfiguration;
			buildSettings = {
				ALWAYS_EMBED_SWIFT_STANDARD_LIBRARIES = YES;
				BUNDLE_LOADER = "$(TEST_HOST)";
				CODE_SIGN_STYLE = Automatic;
				CURRENT_PROJECT_VERSION = 1;
				GENERATE_INFOPLIST_FILE = YES;
				IPHONEOS_DEPLOYMENT_TARGET = 16.2;
				MARKETING_VERSION = 1.0;
				PRODUCT_BUNDLE_IDENTIFIER = "Docquity-Intern.ColorTests";
				PRODUCT_NAME = "$(TARGET_NAME)";
				SWIFT_EMIT_LOC_STRINGS = NO;
				SWIFT_VERSION = 5.0;
				TARGETED_DEVICE_FAMILY = "1,2";
				TEST_HOST = "$(BUILT_PRODUCTS_DIR)/Color.app/$(BUNDLE_EXECUTABLE_FOLDER_PATH)/Color";
			};
			name = Debug;
		};
		9A415DC0299261EF001A4583 /* Release */ = {
			isa = XCBuildConfiguration;
			buildSettings = {
				ALWAYS_EMBED_SWIFT_STANDARD_LIBRARIES = YES;
				BUNDLE_LOADER = "$(TEST_HOST)";
				CODE_SIGN_STYLE = Automatic;
				CURRENT_PROJECT_VERSION = 1;
				GENERATE_INFOPLIST_FILE = YES;
				IPHONEOS_DEPLOYMENT_TARGET = 16.2;
				MARKETING_VERSION = 1.0;
				PRODUCT_BUNDLE_IDENTIFIER = "Docquity-Intern.ColorTests";
				PRODUCT_NAME = "$(TARGET_NAME)";
				SWIFT_EMIT_LOC_STRINGS = NO;
				SWIFT_VERSION = 5.0;
				TARGETED_DEVICE_FAMILY = "1,2";
				TEST_HOST = "$(BUILT_PRODUCTS_DIR)/Color.app/$(BUNDLE_EXECUTABLE_FOLDER_PATH)/Color";
			};
			name = Release;
		};
		9A415DC2299261EF001A4583 /* Debug */ = {
			isa = XCBuildConfiguration;
			buildSettings = {
				ALWAYS_EMBED_SWIFT_STANDARD_LIBRARIES = YES;
				CODE_SIGN_STYLE = Automatic;
				CURRENT_PROJECT_VERSION = 1;
				GENERATE_INFOPLIST_FILE = YES;
				MARKETING_VERSION = 1.0;
				PRODUCT_BUNDLE_IDENTIFIER = "Docquity-Intern.ColorUITests";
				PRODUCT_NAME = "$(TARGET_NAME)";
				SWIFT_EMIT_LOC_STRINGS = NO;
				SWIFT_VERSION = 5.0;
				TARGETED_DEVICE_FAMILY = "1,2";
				TEST_TARGET_NAME = Color;
			};
			name = Debug;
		};
		9A415DC3299261EF001A4583 /* Release */ = {
			isa = XCBuildConfiguration;
			buildSettings = {
				ALWAYS_EMBED_SWIFT_STANDARD_LIBRARIES = YES;
				CODE_SIGN_STYLE = Automatic;
				CURRENT_PROJECT_VERSION = 1;
				GENERATE_INFOPLIST_FILE = YES;
				MARKETING_VERSION = 1.0;
				PRODUCT_BUNDLE_IDENTIFIER = "Docquity-Intern.ColorUITests";
				PRODUCT_NAME = "$(TARGET_NAME)";
				SWIFT_EMIT_LOC_STRINGS = NO;
				SWIFT_VERSION = 5.0;
				TARGETED_DEVICE_FAMILY = "1,2";
				TEST_TARGET_NAME = Color;
			};
			name = Release;
		};
/* End XCBuildConfiguration section */

/* Begin XCConfigurationList section */
		9A415D8C299261E8001A4583 /* Build configuration list for PBXProject "Color" */ = {
			isa = XCConfigurationList;
			buildConfigurations = (
				9A415DB9299261EF001A4583 /* Debug */,
				9A415DBA299261EF001A4583 /* Release */,
			);
			defaultConfigurationIsVisible = 0;
			defaultConfigurationName = Release;
		};
		9A415DBB299261EF001A4583 /* Build configuration list for PBXNativeTarget "Color" */ = {
			isa = XCConfigurationList;
			buildConfigurations = (
				9A415DBC299261EF001A4583 /* Debug */,
				9A415DBD299261EF001A4583 /* Release */,
			);
			defaultConfigurationIsVisible = 0;
			defaultConfigurationName = Release;
		};
		9A415DBE299261EF001A4583 /* Build configuration list for PBXNativeTarget "ColorTests" */ = {
			isa = XCConfigurationList;
			buildConfigurations = (
				9A415DBF299261EF001A4583 /* Debug */,
				9A415DC0299261EF001A4583 /* Release */,
			);
			defaultConfigurationIsVisible = 0;
			defaultConfigurationName = Release;
		};
		9A415DC1299261EF001A4583 /* Build configuration list for PBXNativeTarget "ColorUITests" */ = {
			isa = XCConfigurationList;
			buildConfigurations = (
				9A415DC2299261EF001A4583 /* Debug */,
				9A415DC3299261EF001A4583 /* Release */,
			);
			defaultConfigurationIsVisible = 0;
			defaultConfigurationName = Release;
		};
/* End XCConfigurationList section */
	};
	rootObject = 9A415D89299261E8001A4583 /* Project object */;
}
